// !$*UTF8*$!
{
	archiveVersion = 1;
	classes = {
	};
	objectVersion = 56;
	objects = {

/* Begin PBXBuildFile section */
		390C23792B7D0A7700792385 /* AppDelegate.swift in Sources */ = {isa = PBXBuildFile; fileRef = 390C23782B7D0A7700792385 /* AppDelegate.swift */; };
		390C237B2B7D0A7700792385 /* SceneDelegate.swift in Sources */ = {isa = PBXBuildFile; fileRef = 390C237A2B7D0A7700792385 /* SceneDelegate.swift */; };
		390C237D2B7D0A7700792385 /* ViewController.swift in Sources */ = {isa = PBXBuildFile; fileRef = 390C237C2B7D0A7700792385 /* ViewController.swift */; };
		390C23802B7D0A7700792385 /* Main.storyboard in Resources */ = {isa = PBXBuildFile; fileRef = 390C237E2B7D0A7700792385 /* Main.storyboard */; };
		390C23822B7D0A7900792385 /* Assets.xcassets in Resources */ = {isa = PBXBuildFile; fileRef = 390C23812B7D0A7900792385 /* Assets.xcassets */; };
		390C23852B7D0A7900792385 /* LaunchScreen.storyboard in Resources */ = {isa = PBXBuildFile; fileRef = 390C23832B7D0A7900792385 /* LaunchScreen.storyboard */; };
		390C23902B7D0B1000792385 /* BaseViewController.swift in Sources */ = {isa = PBXBuildFile; fileRef = 390C238F2B7D0B1000792385 /* BaseViewController.swift */; };
		390C23932B7D0CD800792385 /* PlanViewController.swift in Sources */ = {isa = PBXBuildFile; fileRef = 390C23922B7D0CD800792385 /* PlanViewController.swift */; };
		390C23952B7D0F5700792385 /* PlanCollectionViewCell.swift in Sources */ = {isa = PBXBuildFile; fileRef = 390C23942B7D0F5700792385 /* PlanCollectionViewCell.swift */; };
		390C23982B7D10D500792385 /* SnapKit in Frameworks */ = {isa = PBXBuildFile; productRef = 390C23972B7D10D500792385 /* SnapKit */; };
		390C239D2B7D2A4300792385 /* TagViewController.swift in Sources */ = {isa = PBXBuildFile; fileRef = 390C239C2B7D2A4300792385 /* TagViewController.swift */; };
		390C23A12B7D389200792385 /* PriorityViewController.swift in Sources */ = {isa = PBXBuildFile; fileRef = 390C23A02B7D389200792385 /* PriorityViewController.swift */; };
		390C23A32B7DA42600792385 /* NewPlanCollectionViewCell.swift in Sources */ = {isa = PBXBuildFile; fileRef = 390C23A22B7DA42600792385 /* NewPlanCollectionViewCell.swift */; };
		390C23AD2B7DC10B00792385 /* PlanNewViewController.swift in Sources */ = {isa = PBXBuildFile; fileRef = 390C23AC2B7DC10B00792385 /* PlanNewViewController.swift */; };
		390C23AF2B7DCC1400792385 /* NewPlanMemoCollectionViewCell.swift in Sources */ = {isa = PBXBuildFile; fileRef = 390C23AE2B7DCC1400792385 /* NewPlanMemoCollectionViewCell.swift */; };
		390C23B22B7E184600792385 /* Realm in Frameworks */ = {isa = PBXBuildFile; productRef = 390C23B12B7E184600792385 /* Realm */; };
		390C23B42B7E184600792385 /* RealmSwift in Frameworks */ = {isa = PBXBuildFile; productRef = 390C23B32B7E184600792385 /* RealmSwift */; };
		390C23B72B7E188200792385 /* RealmModel.swift in Sources */ = {isa = PBXBuildFile; fileRef = 390C23B62B7E188200792385 /* RealmModel.swift */; };
		390C23BA2B7E1D7900792385 /* Toast in Frameworks */ = {isa = PBXBuildFile; productRef = 390C23B92B7E1D7900792385 /* Toast */; };
		390C23BC2B7E1F9C00792385 /* AllPlanViewController.swift in Sources */ = {isa = PBXBuildFile; fileRef = 390C23BB2B7E1F9C00792385 /* AllPlanViewController.swift */; };
		390C23BF2B7E20BD00792385 /* AllPlanTableViewCell.swift in Sources */ = {isa = PBXBuildFile; fileRef = 390C23BE2B7E20BD00792385 /* AllPlanTableViewCell.swift */; };
		399432232B823C08004609DD /* PlannerTableRepository.swift in Sources */ = {isa = PBXBuildFile; fileRef = 399432222B823C07004609DD /* PlannerTableRepository.swift */; };
		39A89FD42B8AD92F00FAF370 /* SearchImageViewController.swift in Sources */ = {isa = PBXBuildFile; fileRef = 39A89FD32B8AD92F00FAF370 /* SearchImageViewController.swift */; };
		39A89FD62B8AE93700FAF370 /* SearchImageCollectionViewCell.swift in Sources */ = {isa = PBXBuildFile; fileRef = 39A89FD52B8AE93700FAF370 /* SearchImageCollectionViewCell.swift */; };
		39A89FD82B8AEB5A00FAF370 /* .gitignore in Resources */ = {isa = PBXBuildFile; fileRef = 39A89FD72B8AEB5A00FAF370 /* .gitignore */; };
		39A89FDA2B8AEB8E00FAF370 /* APIKey.swift in Sources */ = {isa = PBXBuildFile; fileRef = 39A89FD92B8AEB8E00FAF370 /* APIKey.swift */; };
		39A89FDD2B8AEBC600FAF370 /* NaverModel.swift in Sources */ = {isa = PBXBuildFile; fileRef = 39A89FDC2B8AEBC600FAF370 /* NaverModel.swift */; };
		39A89FDF2B8AEBE000FAF370 /* NaverAPIManager.swift in Sources */ = {isa = PBXBuildFile; fileRef = 39A89FDE2B8AEBE000FAF370 /* NaverAPIManager.swift */; };
		39A89FE22B8AEC0300FAF370 /* Alamofire in Frameworks */ = {isa = PBXBuildFile; productRef = 39A89FE12B8AEC0300FAF370 /* Alamofire */; };
		39A89FE52B8B049700FAF370 /* Kingfisher in Frameworks */ = {isa = PBXBuildFile; productRef = 39A89FE42B8B049700FAF370 /* Kingfisher */; };
		39BCE3952B83A1B40037D809 /* FileManager+Extension.swift in Sources */ = {isa = PBXBuildFile; fileRef = 39BCE3942B83A1B40037D809 /* FileManager+Extension.swift */; };
		39BCE3982B83AA5A0037D809 /* NewImageCollectionViewCell.swift in Sources */ = {isa = PBXBuildFile; fileRef = 39BCE3972B83AA5A0037D809 /* NewImageCollectionViewCell.swift */; };
		39DBBDDF2B848821005A8B8A /* NewListViewController.swift in Sources */ = {isa = PBXBuildFile; fileRef = 39DBBDDE2B848821005A8B8A /* NewListViewController.swift */; };
		39DBBDE12B849CBC005A8B8A /* ListTableViewCell.swift in Sources */ = {isa = PBXBuildFile; fileRef = 39DBBDE02B849CBC005A8B8A /* ListTableViewCell.swift */; };
		39DBBDE42B84DA12005A8B8A /* SelectListViewController.swift in Sources */ = {isa = PBXBuildFile; fileRef = 39DBBDE32B84DA12005A8B8A /* SelectListViewController.swift */; };
		39DBBDE72B84E8DC005A8B8A /* ListPlanViewController.swift in Sources */ = {isa = PBXBuildFile; fileRef = 39DBBDE62B84E8DC005A8B8A /* ListPlanViewController.swift */; };
		39DBBDEA2B850284005A8B8A /* FSCalendar in Frameworks */ = {isa = PBXBuildFile; productRef = 39DBBDE92B850284005A8B8A /* FSCalendar */; };
		39DBBDEC2B85029E005A8B8A /* SelectDateViewController.swift in Sources */ = {isa = PBXBuildFile; fileRef = 39DBBDEB2B85029E005A8B8A /* SelectDateViewController.swift */; };
		39DBBDF72B866AB8005A8B8A /* PlannerListRepository.swift in Sources */ = {isa = PBXBuildFile; fileRef = 39DBBDF62B866AB8005A8B8A /* PlannerListRepository.swift */; };
		39DBBE5D2B89B7C6005A8B8A /* SelectImageViewController.swift in Sources */ = {isa = PBXBuildFile; fileRef = 39DBBE5C2B89B7C6005A8B8A /* SelectImageViewController.swift */; };
/* End PBXBuildFile section */

/* Begin PBXFileReference section */
		390C23752B7D0A7700792385 /* Planner.app */ = {isa = PBXFileReference; explicitFileType = wrapper.application; includeInIndex = 0; path = Planner.app; sourceTree = BUILT_PRODUCTS_DIR; };
		390C23782B7D0A7700792385 /* AppDelegate.swift */ = {isa = PBXFileReference; lastKnownFileType = sourcecode.swift; path = AppDelegate.swift; sourceTree = "<group>"; };
		390C237A2B7D0A7700792385 /* SceneDelegate.swift */ = {isa = PBXFileReference; lastKnownFileType = sourcecode.swift; path = SceneDelegate.swift; sourceTree = "<group>"; };
		390C237C2B7D0A7700792385 /* ViewController.swift */ = {isa = PBXFileReference; lastKnownFileType = sourcecode.swift; path = ViewController.swift; sourceTree = "<group>"; };
		390C237F2B7D0A7700792385 /* Base */ = {isa = PBXFileReference; lastKnownFileType = file.storyboard; name = Base; path = Base.lproj/Main.storyboard; sourceTree = "<group>"; };
		390C23812B7D0A7900792385 /* Assets.xcassets */ = {isa = PBXFileReference; lastKnownFileType = folder.assetcatalog; path = Assets.xcassets; sourceTree = "<group>"; };
		390C23842B7D0A7900792385 /* Base */ = {isa = PBXFileReference; lastKnownFileType = file.storyboard; name = Base; path = Base.lproj/LaunchScreen.storyboard; sourceTree = "<group>"; };
		390C23862B7D0A7900792385 /* Info.plist */ = {isa = PBXFileReference; lastKnownFileType = text.plist.xml; path = Info.plist; sourceTree = "<group>"; };
		390C238F2B7D0B1000792385 /* BaseViewController.swift */ = {isa = PBXFileReference; lastKnownFileType = sourcecode.swift; path = BaseViewController.swift; sourceTree = "<group>"; };
		390C23922B7D0CD800792385 /* PlanViewController.swift */ = {isa = PBXFileReference; lastKnownFileType = sourcecode.swift; path = PlanViewController.swift; sourceTree = "<group>"; };
		390C23942B7D0F5700792385 /* PlanCollectionViewCell.swift */ = {isa = PBXFileReference; lastKnownFileType = sourcecode.swift; path = PlanCollectionViewCell.swift; sourceTree = "<group>"; };
		390C239C2B7D2A4300792385 /* TagViewController.swift */ = {isa = PBXFileReference; lastKnownFileType = sourcecode.swift; path = TagViewController.swift; sourceTree = "<group>"; };
		390C23A02B7D389200792385 /* PriorityViewController.swift */ = {isa = PBXFileReference; lastKnownFileType = sourcecode.swift; path = PriorityViewController.swift; sourceTree = "<group>"; };
		390C23A22B7DA42600792385 /* NewPlanCollectionViewCell.swift */ = {isa = PBXFileReference; lastKnownFileType = sourcecode.swift; path = NewPlanCollectionViewCell.swift; sourceTree = "<group>"; };
		390C23AC2B7DC10B00792385 /* PlanNewViewController.swift */ = {isa = PBXFileReference; lastKnownFileType = sourcecode.swift; path = PlanNewViewController.swift; sourceTree = "<group>"; };
		390C23AE2B7DCC1400792385 /* NewPlanMemoCollectionViewCell.swift */ = {isa = PBXFileReference; lastKnownFileType = sourcecode.swift; path = NewPlanMemoCollectionViewCell.swift; sourceTree = "<group>"; };
		390C23B62B7E188200792385 /* RealmModel.swift */ = {isa = PBXFileReference; lastKnownFileType = sourcecode.swift; path = RealmModel.swift; sourceTree = "<group>"; };
		390C23BB2B7E1F9C00792385 /* AllPlanViewController.swift */ = {isa = PBXFileReference; lastKnownFileType = sourcecode.swift; path = AllPlanViewController.swift; sourceTree = "<group>"; };
		390C23BE2B7E20BD00792385 /* AllPlanTableViewCell.swift */ = {isa = PBXFileReference; lastKnownFileType = sourcecode.swift; path = AllPlanTableViewCell.swift; sourceTree = "<group>"; };
		399432222B823C07004609DD /* PlannerTableRepository.swift */ = {isa = PBXFileReference; lastKnownFileType = sourcecode.swift; path = PlannerTableRepository.swift; sourceTree = "<group>"; };
		39A89FD32B8AD92F00FAF370 /* SearchImageViewController.swift */ = {isa = PBXFileReference; lastKnownFileType = sourcecode.swift; path = SearchImageViewController.swift; sourceTree = "<group>"; };
		39A89FD52B8AE93700FAF370 /* SearchImageCollectionViewCell.swift */ = {isa = PBXFileReference; lastKnownFileType = sourcecode.swift; path = SearchImageCollectionViewCell.swift; sourceTree = "<group>"; };
		39A89FD72B8AEB5A00FAF370 /* .gitignore */ = {isa = PBXFileReference; lastKnownFileType = text; path = .gitignore; sourceTree = "<group>"; };
		39A89FD92B8AEB8E00FAF370 /* APIKey.swift */ = {isa = PBXFileReference; lastKnownFileType = sourcecode.swift; path = APIKey.swift; sourceTree = "<group>"; };
		39A89FDC2B8AEBC600FAF370 /* NaverModel.swift */ = {isa = PBXFileReference; lastKnownFileType = sourcecode.swift; path = NaverModel.swift; sourceTree = "<group>"; };
		39A89FDE2B8AEBE000FAF370 /* NaverAPIManager.swift */ = {isa = PBXFileReference; lastKnownFileType = sourcecode.swift; path = NaverAPIManager.swift; sourceTree = "<group>"; };
		39BCE3942B83A1B40037D809 /* FileManager+Extension.swift */ = {isa = PBXFileReference; lastKnownFileType = sourcecode.swift; path = "FileManager+Extension.swift"; sourceTree = "<group>"; };
		39BCE3972B83AA5A0037D809 /* NewImageCollectionViewCell.swift */ = {isa = PBXFileReference; lastKnownFileType = sourcecode.swift; path = NewImageCollectionViewCell.swift; sourceTree = "<group>"; };
		39DBBDDE2B848821005A8B8A /* NewListViewController.swift */ = {isa = PBXFileReference; lastKnownFileType = sourcecode.swift; path = NewListViewController.swift; sourceTree = "<group>"; };
		39DBBDE02B849CBC005A8B8A /* ListTableViewCell.swift */ = {isa = PBXFileReference; lastKnownFileType = sourcecode.swift; path = ListTableViewCell.swift; sourceTree = "<group>"; };
		39DBBDE32B84DA12005A8B8A /* SelectListViewController.swift */ = {isa = PBXFileReference; lastKnownFileType = sourcecode.swift; path = SelectListViewController.swift; sourceTree = "<group>"; };
		39DBBDE62B84E8DC005A8B8A /* ListPlanViewController.swift */ = {isa = PBXFileReference; lastKnownFileType = sourcecode.swift; path = ListPlanViewController.swift; sourceTree = "<group>"; };
		39DBBDEB2B85029E005A8B8A /* SelectDateViewController.swift */ = {isa = PBXFileReference; lastKnownFileType = sourcecode.swift; path = SelectDateViewController.swift; sourceTree = "<group>"; };
		39DBBDF62B866AB8005A8B8A /* PlannerListRepository.swift */ = {isa = PBXFileReference; lastKnownFileType = sourcecode.swift; path = PlannerListRepository.swift; sourceTree = "<group>"; };
		39DBBE5C2B89B7C6005A8B8A /* SelectImageViewController.swift */ = {isa = PBXFileReference; lastKnownFileType = sourcecode.swift; path = SelectImageViewController.swift; sourceTree = "<group>"; };
/* End PBXFileReference section */

/* Begin PBXFrameworksBuildPhase section */
		390C23722B7D0A7700792385 /* Frameworks */ = {
			isa = PBXFrameworksBuildPhase;
			buildActionMask = 2147483647;
			files = (
				390C23BA2B7E1D7900792385 /* Toast in Frameworks */,
				390C23B42B7E184600792385 /* RealmSwift in Frameworks */,
				39A89FE52B8B049700FAF370 /* Kingfisher in Frameworks */,
				390C23B22B7E184600792385 /* Realm in Frameworks */,
				39A89FE22B8AEC0300FAF370 /* Alamofire in Frameworks */,
				39DBBDEA2B850284005A8B8A /* FSCalendar in Frameworks */,
				390C23982B7D10D500792385 /* SnapKit in Frameworks */,
			);
			runOnlyForDeploymentPostprocessing = 0;
		};
/* End PBXFrameworksBuildPhase section */

/* Begin PBXGroup section */
		390C236C2B7D0A7700792385 = {
			isa = PBXGroup;
			children = (
				39A89FD72B8AEB5A00FAF370 /* .gitignore */,
				390C23772B7D0A7700792385 /* Planner */,
				390C23762B7D0A7700792385 /* Products */,
			);
			sourceTree = "<group>";
		};
		390C23762B7D0A7700792385 /* Products */ = {
			isa = PBXGroup;
			children = (
				390C23752B7D0A7700792385 /* Planner.app */,
			);
			name = Products;
			sourceTree = "<group>";
		};
		390C23772B7D0A7700792385 /* Planner */ = {
			isa = PBXGroup;
			children = (
				39BCE3962B83A1C90037D809 /* Extension */,
				39DBBDE52B84E8C6005A8B8A /* ListPlan */,
				390C23BD2B7E1FA200792385 /* All */,
				390C23B52B7E187500792385 /* RealmModel */,
				390C23992B7D1E5700792385 /* NewPlan */,
				39DBBDDD2B848808005A8B8A /* NewList */,
				390C23912B7D0C3200792385 /* Plan */,
				390C238E2B7D0AEC00792385 /* Base */,
				390C23782B7D0A7700792385 /* AppDelegate.swift */,
				390C237A2B7D0A7700792385 /* SceneDelegate.swift */,
				390C237C2B7D0A7700792385 /* ViewController.swift */,
				39A89FDB2B8AEBB000FAF370 /* Network */,
				390C237E2B7D0A7700792385 /* Main.storyboard */,
				390C23812B7D0A7900792385 /* Assets.xcassets */,
				390C23832B7D0A7900792385 /* LaunchScreen.storyboard */,
				390C23862B7D0A7900792385 /* Info.plist */,
				39A89FD92B8AEB8E00FAF370 /* APIKey.swift */,
			);
			path = Planner;
			sourceTree = "<group>";
		};
		390C238E2B7D0AEC00792385 /* Base */ = {
			isa = PBXGroup;
			children = (
				390C238F2B7D0B1000792385 /* BaseViewController.swift */,
			);
			path = Base;
			sourceTree = "<group>";
		};
		390C23912B7D0C3200792385 /* Plan */ = {
			isa = PBXGroup;
			children = (
				390C23922B7D0CD800792385 /* PlanViewController.swift */,
				390C23942B7D0F5700792385 /* PlanCollectionViewCell.swift */,
			);
			path = Plan;
			sourceTree = "<group>";
		};
		390C23992B7D1E5700792385 /* NewPlan */ = {
			isa = PBXGroup;
			children = (
				390C239C2B7D2A4300792385 /* TagViewController.swift */,
				390C23A02B7D389200792385 /* PriorityViewController.swift */,
				39BCE3972B83AA5A0037D809 /* NewImageCollectionViewCell.swift */,
				390C23A22B7DA42600792385 /* NewPlanCollectionViewCell.swift */,
				390C23AC2B7DC10B00792385 /* PlanNewViewController.swift */,
				390C23AE2B7DCC1400792385 /* NewPlanMemoCollectionViewCell.swift */,
				39DBBDE32B84DA12005A8B8A /* SelectListViewController.swift */,
				39DBBDEB2B85029E005A8B8A /* SelectDateViewController.swift */,
				39DBBE5C2B89B7C6005A8B8A /* SelectImageViewController.swift */,
				39A89FD32B8AD92F00FAF370 /* SearchImageViewController.swift */,
				39A89FD52B8AE93700FAF370 /* SearchImageCollectionViewCell.swift */,
			);
			path = NewPlan;
			sourceTree = "<group>";
		};
		390C23B52B7E187500792385 /* RealmModel */ = {
			isa = PBXGroup;
			children = (
				390C23B62B7E188200792385 /* RealmModel.swift */,
				399432222B823C07004609DD /* PlannerTableRepository.swift */,
				39DBBDF62B866AB8005A8B8A /* PlannerListRepository.swift */,
			);
			path = RealmModel;
			sourceTree = "<group>";
		};
		390C23BD2B7E1FA200792385 /* All */ = {
			isa = PBXGroup;
			children = (
				390C23BB2B7E1F9C00792385 /* AllPlanViewController.swift */,
				390C23BE2B7E20BD00792385 /* AllPlanTableViewCell.swift */,
			);
			path = All;
			sourceTree = "<group>";
		};
		39A89FDB2B8AEBB000FAF370 /* Network */ = {
			isa = PBXGroup;
			children = (
				39A89FDC2B8AEBC600FAF370 /* NaverModel.swift */,
				39A89FDE2B8AEBE000FAF370 /* NaverAPIManager.swift */,
			);
			path = Network;
			sourceTree = "<group>";
		};
		39BCE3962B83A1C90037D809 /* Extension */ = {
			isa = PBXGroup;
			children = (
				39BCE3942B83A1B40037D809 /* FileManager+Extension.swift */,
			);
			path = Extension;
			sourceTree = "<group>";
		};
		39DBBDDD2B848808005A8B8A /* NewList */ = {
			isa = PBXGroup;
			children = (
				39DBBDDE2B848821005A8B8A /* NewListViewController.swift */,
				39DBBDE02B849CBC005A8B8A /* ListTableViewCell.swift */,
			);
			path = NewList;
			sourceTree = "<group>";
		};
		39DBBDE52B84E8C6005A8B8A /* ListPlan */ = {
			isa = PBXGroup;
			children = (
				39DBBDE62B84E8DC005A8B8A /* ListPlanViewController.swift */,
			);
			path = ListPlan;
			sourceTree = "<group>";
		};
/* End PBXGroup section */

/* Begin PBXNativeTarget section */
		390C23742B7D0A7700792385 /* Planner */ = {
			isa = PBXNativeTarget;
			buildConfigurationList = 390C23892B7D0A7900792385 /* Build configuration list for PBXNativeTarget "Planner" */;
			buildPhases = (
				390C23712B7D0A7700792385 /* Sources */,
				390C23722B7D0A7700792385 /* Frameworks */,
				390C23732B7D0A7700792385 /* Resources */,
			);
			buildRules = (
			);
			dependencies = (
			);
			name = Planner;
			packageProductDependencies = (
				390C23972B7D10D500792385 /* SnapKit */,
				390C23B12B7E184600792385 /* Realm */,
				390C23B32B7E184600792385 /* RealmSwift */,
				390C23B92B7E1D7900792385 /* Toast */,
				39DBBDE92B850284005A8B8A /* FSCalendar */,
				39A89FE12B8AEC0300FAF370 /* Alamofire */,
				39A89FE42B8B049700FAF370 /* Kingfisher */,
			);
			productName = Planner;
			productReference = 390C23752B7D0A7700792385 /* Planner.app */;
			productType = "com.apple.product-type.application";
		};
/* End PBXNativeTarget section */

/* Begin PBXProject section */
		390C236D2B7D0A7700792385 /* Project object */ = {
			isa = PBXProject;
			attributes = {
				BuildIndependentTargetsInParallel = 1;
				LastSwiftUpdateCheck = 1520;
				LastUpgradeCheck = 1520;
				TargetAttributes = {
					390C23742B7D0A7700792385 = {
						CreatedOnToolsVersion = 15.2;
					};
				};
			};
			buildConfigurationList = 390C23702B7D0A7700792385 /* Build configuration list for PBXProject "Planner" */;
			compatibilityVersion = "Xcode 14.0";
			developmentRegion = en;
			hasScannedForEncodings = 0;
			knownRegions = (
				en,
				Base,
			);
			mainGroup = 390C236C2B7D0A7700792385;
			packageReferences = (
				390C23962B7D10D500792385 /* XCRemoteSwiftPackageReference "SnapKit" */,
				390C23B02B7E184600792385 /* XCRemoteSwiftPackageReference "realm-swift" */,
				390C23B82B7E1D7900792385 /* XCRemoteSwiftPackageReference "Toast-Swift" */,
				39DBBDE82B850284005A8B8A /* XCRemoteSwiftPackageReference "FSCalendar" */,
				39A89FE02B8AEC0300FAF370 /* XCRemoteSwiftPackageReference "Alamofire" */,
				39A89FE32B8B049700FAF370 /* XCRemoteSwiftPackageReference "Kingfisher" */,
			);
			productRefGroup = 390C23762B7D0A7700792385 /* Products */;
			projectDirPath = "";
			projectRoot = "";
			targets = (
				390C23742B7D0A7700792385 /* Planner */,
			);
		};
/* End PBXProject section */

/* Begin PBXResourcesBuildPhase section */
		390C23732B7D0A7700792385 /* Resources */ = {
			isa = PBXResourcesBuildPhase;
			buildActionMask = 2147483647;
			files = (
				39A89FD82B8AEB5A00FAF370 /* .gitignore in Resources */,
				390C23852B7D0A7900792385 /* LaunchScreen.storyboard in Resources */,
				390C23822B7D0A7900792385 /* Assets.xcassets in Resources */,
				390C23802B7D0A7700792385 /* Main.storyboard in Resources */,
			);
			runOnlyForDeploymentPostprocessing = 0;
		};
/* End PBXResourcesBuildPhase section */

/* Begin PBXSourcesBuildPhase section */
		390C23712B7D0A7700792385 /* Sources */ = {
			isa = PBXSourcesBuildPhase;
			buildActionMask = 2147483647;
			files = (
				39A89FD42B8AD92F00FAF370 /* SearchImageViewController.swift in Sources */,
				390C237D2B7D0A7700792385 /* ViewController.swift in Sources */,
				39DBBDE42B84DA12005A8B8A /* SelectListViewController.swift in Sources */,
				390C23B72B7E188200792385 /* RealmModel.swift in Sources */,
				390C23902B7D0B1000792385 /* BaseViewController.swift in Sources */,
				390C23AD2B7DC10B00792385 /* PlanNewViewController.swift in Sources */,
				39BCE3982B83AA5A0037D809 /* NewImageCollectionViewCell.swift in Sources */,
				39A89FDA2B8AEB8E00FAF370 /* APIKey.swift in Sources */,
				390C23792B7D0A7700792385 /* AppDelegate.swift in Sources */,
				39A89FD62B8AE93700FAF370 /* SearchImageCollectionViewCell.swift in Sources */,
				39DBBDDF2B848821005A8B8A /* NewListViewController.swift in Sources */,
				390C23A12B7D389200792385 /* PriorityViewController.swift in Sources */,
				39A89FDD2B8AEBC600FAF370 /* NaverModel.swift in Sources */,
				39DBBDE72B84E8DC005A8B8A /* ListPlanViewController.swift in Sources */,
				390C23932B7D0CD800792385 /* PlanViewController.swift in Sources */,
				39A89FDF2B8AEBE000FAF370 /* NaverAPIManager.swift in Sources */,
				39DBBDE12B849CBC005A8B8A /* ListTableViewCell.swift in Sources */,
				390C23A32B7DA42600792385 /* NewPlanCollectionViewCell.swift in Sources */,
				390C239D2B7D2A4300792385 /* TagViewController.swift in Sources */,
				390C23AF2B7DCC1400792385 /* NewPlanMemoCollectionViewCell.swift in Sources */,
				390C237B2B7D0A7700792385 /* SceneDelegate.swift in Sources */,
				39DBBDF72B866AB8005A8B8A /* PlannerListRepository.swift in Sources */,
				39BCE3952B83A1B40037D809 /* FileManager+Extension.swift in Sources */,
				390C23BF2B7E20BD00792385 /* AllPlanTableViewCell.swift in Sources */,
				399432232B823C08004609DD /* PlannerTableRepository.swift in Sources */,
				39DBBE5D2B89B7C6005A8B8A /* SelectImageViewController.swift in Sources */,
				39DBBDEC2B85029E005A8B8A /* SelectDateViewController.swift in Sources */,
				390C23952B7D0F5700792385 /* PlanCollectionViewCell.swift in Sources */,
				390C23BC2B7E1F9C00792385 /* AllPlanViewController.swift in Sources */,
			);
			runOnlyForDeploymentPostprocessing = 0;
		};
/* End PBXSourcesBuildPhase section */

/* Begin PBXVariantGroup section */
		390C237E2B7D0A7700792385 /* Main.storyboard */ = {
			isa = PBXVariantGroup;
			children = (
				390C237F2B7D0A7700792385 /* Base */,
			);
			name = Main.storyboard;
			sourceTree = "<group>";
		};
		390C23832B7D0A7900792385 /* LaunchScreen.storyboard */ = {
			isa = PBXVariantGroup;
			children = (
				390C23842B7D0A7900792385 /* Base */,
			);
			name = LaunchScreen.storyboard;
			sourceTree = "<group>";
		};
/* End PBXVariantGroup section */

/* Begin XCBuildConfiguration section */
		390C23872B7D0A7900792385 /* Debug */ = {
			isa = XCBuildConfiguration;
			buildSettings = {
				ALWAYS_SEARCH_USER_PATHS = NO;
				ASSETCATALOG_COMPILER_GENERATE_SWIFT_ASSET_SYMBOL_EXTENSIONS = YES;
				CLANG_ANALYZER_NONNULL = YES;
				CLANG_ANALYZER_NUMBER_OBJECT_CONVERSION = YES_AGGRESSIVE;
				CLANG_CXX_LANGUAGE_STANDARD = "gnu++20";
				CLANG_ENABLE_MODULES = YES;
				CLANG_ENABLE_OBJC_ARC = YES;
				CLANG_ENABLE_OBJC_WEAK = YES;
				CLANG_WARN_BLOCK_CAPTURE_AUTORELEASING = YES;
				CLANG_WARN_BOOL_CONVERSION = YES;
				CLANG_WARN_COMMA = YES;
				CLANG_WARN_CONSTANT_CONVERSION = YES;
				CLANG_WARN_DEPRECATED_OBJC_IMPLEMENTATIONS = YES;
				CLANG_WARN_DIRECT_OBJC_ISA_USAGE = YES_ERROR;
				CLANG_WARN_DOCUMENTATION_COMMENTS = YES;
				CLANG_WARN_EMPTY_BODY = YES;
				CLANG_WARN_ENUM_CONVERSION = YES;
				CLANG_WARN_INFINITE_RECURSION = YES;
				CLANG_WARN_INT_CONVERSION = YES;
				CLANG_WARN_NON_LITERAL_NULL_CONVERSION = YES;
				CLANG_WARN_OBJC_IMPLICIT_RETAIN_SELF = YES;
				CLANG_WARN_OBJC_LITERAL_CONVERSION = YES;
				CLANG_WARN_OBJC_ROOT_CLASS = YES_ERROR;
				CLANG_WARN_QUOTED_INCLUDE_IN_FRAMEWORK_HEADER = YES;
				CLANG_WARN_RANGE_LOOP_ANALYSIS = YES;
				CLANG_WARN_STRICT_PROTOTYPES = YES;
				CLANG_WARN_SUSPICIOUS_MOVE = YES;
				CLANG_WARN_UNGUARDED_AVAILABILITY = YES_AGGRESSIVE;
				CLANG_WARN_UNREACHABLE_CODE = YES;
				CLANG_WARN__DUPLICATE_METHOD_MATCH = YES;
				COPY_PHASE_STRIP = NO;
				DEBUG_INFORMATION_FORMAT = dwarf;
				ENABLE_STRICT_OBJC_MSGSEND = YES;
				ENABLE_TESTABILITY = YES;
				ENABLE_USER_SCRIPT_SANDBOXING = YES;
				GCC_C_LANGUAGE_STANDARD = gnu17;
				GCC_DYNAMIC_NO_PIC = NO;
				GCC_NO_COMMON_BLOCKS = YES;
				GCC_OPTIMIZATION_LEVEL = 0;
				GCC_PREPROCESSOR_DEFINITIONS = (
					"DEBUG=1",
					"$(inherited)",
				);
				GCC_WARN_64_TO_32_BIT_CONVERSION = YES;
				GCC_WARN_ABOUT_RETURN_TYPE = YES_ERROR;
				GCC_WARN_UNDECLARED_SELECTOR = YES;
				GCC_WARN_UNINITIALIZED_AUTOS = YES_AGGRESSIVE;
				GCC_WARN_UNUSED_FUNCTION = YES;
				GCC_WARN_UNUSED_VARIABLE = YES;
				IPHONEOS_DEPLOYMENT_TARGET = 17.2;
				LOCALIZATION_PREFERS_STRING_CATALOGS = YES;
				MTL_ENABLE_DEBUG_INFO = INCLUDE_SOURCE;
				MTL_FAST_MATH = YES;
				ONLY_ACTIVE_ARCH = YES;
				SDKROOT = iphoneos;
				SWIFT_ACTIVE_COMPILATION_CONDITIONS = "DEBUG $(inherited)";
				SWIFT_OPTIMIZATION_LEVEL = "-Onone";
			};
			name = Debug;
		};
		390C23882B7D0A7900792385 /* Release */ = {
			isa = XCBuildConfiguration;
			buildSettings = {
				ALWAYS_SEARCH_USER_PATHS = NO;
				ASSETCATALOG_COMPILER_GENERATE_SWIFT_ASSET_SYMBOL_EXTENSIONS = YES;
				CLANG_ANALYZER_NONNULL = YES;
				CLANG_ANALYZER_NUMBER_OBJECT_CONVERSION = YES_AGGRESSIVE;
				CLANG_CXX_LANGUAGE_STANDARD = "gnu++20";
				CLANG_ENABLE_MODULES = YES;
				CLANG_ENABLE_OBJC_ARC = YES;
				CLANG_ENABLE_OBJC_WEAK = YES;
				CLANG_WARN_BLOCK_CAPTURE_AUTORELEASING = YES;
				CLANG_WARN_BOOL_CONVERSION = YES;
				CLANG_WARN_COMMA = YES;
				CLANG_WARN_CONSTANT_CONVERSION = YES;
				CLANG_WARN_DEPRECATED_OBJC_IMPLEMENTATIONS = YES;
				CLANG_WARN_DIRECT_OBJC_ISA_USAGE = YES_ERROR;
				CLANG_WARN_DOCUMENTATION_COMMENTS = YES;
				CLANG_WARN_EMPTY_BODY = YES;
				CLANG_WARN_ENUM_CONVERSION = YES;
				CLANG_WARN_INFINITE_RECURSION = YES;
				CLANG_WARN_INT_CONVERSION = YES;
				CLANG_WARN_NON_LITERAL_NULL_CONVERSION = YES;
				CLANG_WARN_OBJC_IMPLICIT_RETAIN_SELF = YES;
				CLANG_WARN_OBJC_LITERAL_CONVERSION = YES;
				CLANG_WARN_OBJC_ROOT_CLASS = YES_ERROR;
				CLANG_WARN_QUOTED_INCLUDE_IN_FRAMEWORK_HEADER = YES;
				CLANG_WARN_RANGE_LOOP_ANALYSIS = YES;
				CLANG_WARN_STRICT_PROTOTYPES = YES;
				CLANG_WARN_SUSPICIOUS_MOVE = YES;
				CLANG_WARN_UNGUARDED_AVAILABILITY = YES_AGGRESSIVE;
				CLANG_WARN_UNREACHABLE_CODE = YES;
				CLANG_WARN__DUPLICATE_METHOD_MATCH = YES;
				COPY_PHASE_STRIP = NO;
				DEBUG_INFORMATION_FORMAT = "dwarf-with-dsym";
				ENABLE_NS_ASSERTIONS = NO;
				ENABLE_STRICT_OBJC_MSGSEND = YES;
				ENABLE_USER_SCRIPT_SANDBOXING = YES;
				GCC_C_LANGUAGE_STANDARD = gnu17;
				GCC_NO_COMMON_BLOCKS = YES;
				GCC_WARN_64_TO_32_BIT_CONVERSION = YES;
				GCC_WARN_ABOUT_RETURN_TYPE = YES_ERROR;
				GCC_WARN_UNDECLARED_SELECTOR = YES;
				GCC_WARN_UNINITIALIZED_AUTOS = YES_AGGRESSIVE;
				GCC_WARN_UNUSED_FUNCTION = YES;
				GCC_WARN_UNUSED_VARIABLE = YES;
				IPHONEOS_DEPLOYMENT_TARGET = 17.2;
				LOCALIZATION_PREFERS_STRING_CATALOGS = YES;
				MTL_ENABLE_DEBUG_INFO = NO;
				MTL_FAST_MATH = YES;
				SDKROOT = iphoneos;
				SWIFT_COMPILATION_MODE = wholemodule;
				VALIDATE_PRODUCT = YES;
			};
			name = Release;
		};
		390C238A2B7D0A7900792385 /* Debug */ = {
			isa = XCBuildConfiguration;
			buildSettings = {
				ASSETCATALOG_COMPILER_APPICON_NAME = AppIcon;
				ASSETCATALOG_COMPILER_GLOBAL_ACCENT_COLOR_NAME = AccentColor;
				CODE_SIGN_STYLE = Automatic;
				CURRENT_PROJECT_VERSION = 1;
				DEVELOPMENT_TEAM = 47HVCF82JP;
				GENERATE_INFOPLIST_FILE = YES;
				INFOPLIST_FILE = Planner/Info.plist;
				INFOPLIST_KEY_UIApplicationSupportsIndirectInputEvents = YES;
				INFOPLIST_KEY_UILaunchStoryboardName = LaunchScreen;
				INFOPLIST_KEY_UIMainStoryboardFile = Main;
				INFOPLIST_KEY_UISupportedInterfaceOrientations_iPad = "UIInterfaceOrientationPortrait UIInterfaceOrientationPortraitUpsideDown UIInterfaceOrientationLandscapeLeft UIInterfaceOrientationLandscapeRight";
				INFOPLIST_KEY_UISupportedInterfaceOrientations_iPhone = "UIInterfaceOrientationPortrait UIInterfaceOrientationLandscapeLeft UIInterfaceOrientationLandscapeRight";
				LD_RUNPATH_SEARCH_PATHS = (
					"$(inherited)",
					"@executable_path/Frameworks",
				);
				MARKETING_VERSION = 1.0;
				PRODUCT_BUNDLE_IDENTIFIER = com.mje0211.Planner;
				PRODUCT_NAME = "$(TARGET_NAME)";
				SUPPORTED_PLATFORMS = "iphoneos iphonesimulator";
				SUPPORTS_MACCATALYST = NO;
				SUPPORTS_MAC_DESIGNED_FOR_IPHONE_IPAD = NO;
				SUPPORTS_XR_DESIGNED_FOR_IPHONE_IPAD = NO;
				SWIFT_EMIT_LOC_STRINGS = YES;
				SWIFT_VERSION = 5.0;
				TARGETED_DEVICE_FAMILY = 1;
			};
			name = Debug;
		};
		390C238B2B7D0A7900792385 /* Release */ = {
			isa = XCBuildConfiguration;
			buildSettings = {
				ASSETCATALOG_COMPILER_APPICON_NAME = AppIcon;
				ASSETCATALOG_COMPILER_GLOBAL_ACCENT_COLOR_NAME = AccentColor;
				CODE_SIGN_STYLE = Automatic;
				CURRENT_PROJECT_VERSION = 1;
				DEVELOPMENT_TEAM = 47HVCF82JP;
				GENERATE_INFOPLIST_FILE = YES;
				INFOPLIST_FILE = Planner/Info.plist;
				INFOPLIST_KEY_UIApplicationSupportsIndirectInputEvents = YES;
				INFOPLIST_KEY_UILaunchStoryboardName = LaunchScreen;
				INFOPLIST_KEY_UIMainStoryboardFile = Main;
				INFOPLIST_KEY_UISupportedInterfaceOrientations_iPad = "UIInterfaceOrientationPortrait UIInterfaceOrientationPortraitUpsideDown UIInterfaceOrientationLandscapeLeft UIInterfaceOrientationLandscapeRight";
				INFOPLIST_KEY_UISupportedInterfaceOrientations_iPhone = "UIInterfaceOrientationPortrait UIInterfaceOrientationLandscapeLeft UIInterfaceOrientationLandscapeRight";
				LD_RUNPATH_SEARCH_PATHS = (
					"$(inherited)",
					"@executable_path/Frameworks",
				);
				MARKETING_VERSION = 1.0;
				PRODUCT_BUNDLE_IDENTIFIER = com.mje0211.Planner;
				PRODUCT_NAME = "$(TARGET_NAME)";
				SUPPORTED_PLATFORMS = "iphoneos iphonesimulator";
				SUPPORTS_MACCATALYST = NO;
				SUPPORTS_MAC_DESIGNED_FOR_IPHONE_IPAD = NO;
				SUPPORTS_XR_DESIGNED_FOR_IPHONE_IPAD = NO;
				SWIFT_EMIT_LOC_STRINGS = YES;
				SWIFT_VERSION = 5.0;
				TARGETED_DEVICE_FAMILY = 1;
			};
			name = Release;
		};
/* End XCBuildConfiguration section */

/* Begin XCConfigurationList section */
		390C23702B7D0A7700792385 /* Build configuration list for PBXProject "Planner" */ = {
			isa = XCConfigurationList;
			buildConfigurations = (
				390C23872B7D0A7900792385 /* Debug */,
				390C23882B7D0A7900792385 /* Release */,
			);
			defaultConfigurationIsVisible = 0;
			defaultConfigurationName = Release;
		};
		390C23892B7D0A7900792385 /* Build configuration list for PBXNativeTarget "Planner" */ = {
			isa = XCConfigurationList;
			buildConfigurations = (
				390C238A2B7D0A7900792385 /* Debug */,
				390C238B2B7D0A7900792385 /* Release */,
			);
			defaultConfigurationIsVisible = 0;
			defaultConfigurationName = Release;
		};
/* End XCConfigurationList section */

/* Begin XCRemoteSwiftPackageReference section */
		390C23962B7D10D500792385 /* XCRemoteSwiftPackageReference "SnapKit" */ = {
			isa = XCRemoteSwiftPackageReference;
			repositoryURL = "https://github.com/SnapKit/SnapKit.git";
			requirement = {
				kind = upToNextMajorVersion;
				minimumVersion = 5.7.0;
			};
		};
		390C23B02B7E184600792385 /* XCRemoteSwiftPackageReference "realm-swift" */ = {
			isa = XCRemoteSwiftPackageReference;
			repositoryURL = "https://github.com/realm/realm-swift.git";
			requirement = {
				kind = exactVersion;
				version = 10.47.0;
			};
		};
		390C23B82B7E1D7900792385 /* XCRemoteSwiftPackageReference "Toast-Swift" */ = {
			isa = XCRemoteSwiftPackageReference;
			repositoryURL = "https://github.com/scalessec/Toast-Swift.git";
			requirement = {
				kind = upToNextMajorVersion;
				minimumVersion = 5.1.0;
			};
		};
		39A89FE02B8AEC0300FAF370 /* XCRemoteSwiftPackageReference "Alamofire" */ = {
			isa = XCRemoteSwiftPackageReference;
			repositoryURL = "https://github.com/Alamofire/Alamofire.git";
			requirement = {
				kind = upToNextMajorVersion;
				minimumVersion = 5.8.1;
			};
		};
		39A89FE32B8B049700FAF370 /* XCRemoteSwiftPackageReference "Kingfisher" */ = {
			isa = XCRemoteSwiftPackageReference;
			repositoryURL = "https://github.com/onevcat/Kingfisher.git";
			requirement = {
				kind = upToNextMajorVersion;
				minimumVersion = 7.11.0;
			};
		};
		39DBBDE82B850284005A8B8A /* XCRemoteSwiftPackageReference "FSCalendar" */ = {
			isa = XCRemoteSwiftPackageReference;
			repositoryURL = "https://github.com/WenchaoD/FSCalendar.git";
			requirement = {
				kind = upToNextMajorVersion;
				minimumVersion = 2.8.4;
			};
		};
/* End XCRemoteSwiftPackageReference section */

/* Begin XCSwiftPackageProductDependency section */
		390C23972B7D10D500792385 /* SnapKit */ = {
			isa = XCSwiftPackageProductDependency;
			package = 390C23962B7D10D500792385 /* XCRemoteSwiftPackageReference "SnapKit" */;
			productName = SnapKit;
		};
		390C23B12B7E184600792385 /* Realm */ = {
			isa = XCSwiftPackageProductDependency;
			package = 390C23B02B7E184600792385 /* XCRemoteSwiftPackageReference "realm-swift" */;
			productName = Realm;
		};
		390C23B32B7E184600792385 /* RealmSwift */ = {
			isa = XCSwiftPackageProductDependency;
			package = 390C23B02B7E184600792385 /* XCRemoteSwiftPackageReference "realm-swift" */;
			productName = RealmSwift;
		};
		390C23B92B7E1D7900792385 /* Toast */ = {
			isa = XCSwiftPackageProductDependency;
			package = 390C23B82B7E1D7900792385 /* XCRemoteSwiftPackageReference "Toast-Swift" */;
			productName = Toast;
		};
		39A89FE12B8AEC0300FAF370 /* Alamofire */ = {
			isa = XCSwiftPackageProductDependency;
			package = 39A89FE02B8AEC0300FAF370 /* XCRemoteSwiftPackageReference "Alamofire" */;
			productName = Alamofire;
		};
		39A89FE42B8B049700FAF370 /* Kingfisher */ = {
			isa = XCSwiftPackageProductDependency;
			package = 39A89FE32B8B049700FAF370 /* XCRemoteSwiftPackageReference "Kingfisher" */;
			productName = Kingfisher;
		};
		39DBBDE92B850284005A8B8A /* FSCalendar */ = {
			isa = XCSwiftPackageProductDependency;
			package = 39DBBDE82B850284005A8B8A /* XCRemoteSwiftPackageReference "FSCalendar" */;
			productName = FSCalendar;
		};
/* End XCSwiftPackageProductDependency section */
	};
	rootObject = 390C236D2B7D0A7700792385 /* Project object */;
}
